
Microsoft Visual Studio Solution File, Format Version 12.00
# Visual Studio 14
VisualStudioVersion = 14.0.25123.0
MinimumVisualStudioVersion = 10.0.40219.1
Project("{FAE04EC0-301F-11D3-BF4B-00C04F79EFBC}") = "Cube.XRM.Framework", "Cube.XRM.Framework\Cube.XRM.Framework.csproj", "{C91CC283-FFC6-4C67-A3C2-1925BCFF8CC8}"
EndProject
Project("{FAE04EC0-301F-11D3-BF4B-00C04F79EFBC}") = "Cube.XRM.Framework.IntegrationTester", "Cube.XRM.Framework.IntegrationTester\Cube.XRM.Framework.IntegrationTester.csproj", "{FFF6AD35-3593-4337-9041-7332E4AA67FB}"
EndProject
Project("{FAE04EC0-301F-11D3-BF4B-00C04F79EFBC}") = "Cube.XRM.Framework.Core", "Cube.XRM.Framework.Core\Cube.XRM.Framework.Core.csproj", "{0253CECA-472F-4CE9-8712-11C0D31312BE}"
EndProject
Project("{FAE04EC0-301F-11D3-BF4B-00C04F79EFBC}") = "Cube.XRM.Framework.AddOn", "Cube.XRM.Framework.AddOn\Cube.XRM.Framework.AddOn.csproj", "{7EBFF69F-CBB1-4FF8-B6BD-809B5B8026F9}"
EndProject
Project("{FAE04EC0-301F-11D3-BF4B-00C04F79EFBC}") = "Cube.XRM.Workflow.HelperTool", "Cube.XRM.Workflow.HelperTool\Cube.XRM.Workflow.HelperTool.csproj", "{1BF271A9-49C6-4208-80FD-A595B3B1EFD5}"
EndProject
Project("{FAE04EC0-301F-11D3-BF4B-00C04F79EFBC}") = "Cube.XRM.Framework.Tests", "Cube.XRM.Framework.Tests\Cube.XRM.Framework.Tests.csproj", "{A70D0B08-3915-4525-8DAC-BF33420EC12D}"
EndProject
Global
	GlobalSection(SolutionConfigurationPlatforms) = preSolution
		Debug|Any CPU = Debug|Any CPU
		Release|Any CPU = Release|Any CPU
	EndGlobalSection
	GlobalSection(ProjectConfigurationPlatforms) = postSolution
		{C91CC283-FFC6-4C67-A3C2-1925BCFF8CC8}.Debug|Any CPU.ActiveCfg = Debug|Any CPU
		{C91CC283-FFC6-4C67-A3C2-1925BCFF8CC8}.Debug|Any CPU.Build.0 = Debug|Any CPU
		{C91CC283-FFC6-4C67-A3C2-1925BCFF8CC8}.Release|Any CPU.ActiveCfg = Release|Any CPU
		{C91CC283-FFC6-4C67-A3C2-1925BCFF8CC8}.Release|Any CPU.Build.0 = Release|Any CPU
		{FFF6AD35-3593-4337-9041-7332E4AA67FB}.Debug|Any CPU.ActiveCfg = Debug|Any CPU
		{FFF6AD35-3593-4337-9041-7332E4AA67FB}.Debug|Any CPU.Build.0 = Debug|Any CPU
		{FFF6AD35-3593-4337-9041-7332E4AA67FB}.Release|Any CPU.ActiveCfg = Release|Any CPU
		{FFF6AD35-3593-4337-9041-7332E4AA67FB}.Release|Any CPU.Build.0 = Release|Any CPU
		{0253CECA-472F-4CE9-8712-11C0D31312BE}.Debug|Any CPU.ActiveCfg = Debug|Any CPU
		{0253CECA-472F-4CE9-8712-11C0D31312BE}.Debug|Any CPU.Build.0 = Debug|Any CPU
		{0253CECA-472F-4CE9-8712-11C0D31312BE}.Release|Any CPU.ActiveCfg = Release|Any CPU
		{0253CECA-472F-4CE9-8712-11C0D31312BE}.Release|Any CPU.Build.0 = Release|Any CPU
		{7EBFF69F-CBB1-4FF8-B6BD-809B5B8026F9}.Debug|Any CPU.ActiveCfg = Debug|Any CPU
		{7EBFF69F-CBB1-4FF8-B6BD-809B5B8026F9}.Debug|Any CPU.Build.0 = Debug|Any CPU
		{7EBFF69F-CBB1-4FF8-B6BD-809B5B8026F9}.Release|Any CPU.ActiveCfg = Release|Any CPU
		{7EBFF69F-CBB1-4FF8-B6BD-809B5B8026F9}.Release|Any CPU.Build.0 = Release|Any CPU
		{1BF271A9-49C6-4208-80FD-A595B3B1EFD5}.Debug|Any CPU.ActiveCfg = Debug|Any CPU
		{1BF271A9-49C6-4208-80FD-A595B3B1EFD5}.Debug|Any CPU.Build.0 = Debug|Any CPU
		{1BF271A9-49C6-4208-80FD-A595B3B1EFD5}.Release|Any CPU.ActiveCfg = Release|Any CPU
		{1BF271A9-49C6-4208-80FD-A595B3B1EFD5}.Release|Any CPU.Build.0 = Release|Any CPU
		{A70D0B08-3915-4525-8DAC-BF33420EC12D}.Debug|Any CPU.ActiveCfg = Debug|Any CPU
		{A70D0B08-3915-4525-8DAC-BF33420EC12D}.Debug|Any CPU.Build.0 = Debug|Any CPU
		{A70D0B08-3915-4525-8DAC-BF33420EC12D}.Release|Any CPU.ActiveCfg = Release|Any CPU
		{A70D0B08-3915-4525-8DAC-BF33420EC12D}.Release|Any CPU.Build.0 = Release|Any CPU
	EndGlobalSection
	GlobalSection(SolutionProperties) = preSolution
		HideSolutionNode = FALSE
	EndGlobalSection
EndGlobal
